
Microsoft Visual Studio Solution File, Format Version 12.00
# Visual Studio 15
VisualStudioVersion = 15.0.28307.489
MinimumVisualStudioVersion = 10.0.40219.1
Project("{FAE04EC0-301F-11D3-BF4B-00C04F79EFBC}") = "TimeKit", "TimeKit\TimeKit.csproj", "{2CBF49CC-AAE8-43FC-8D56-B1D284DE2493}"
EndProject
Global
	GlobalSection(SolutionConfigurationPlatforms) = preSolution
		Debug|Any CPU = Debug|Any CPU
		Release|Any CPU = Release|Any CPU
	EndGlobalSection
	GlobalSection(ProjectConfigurationPlatforms) = postSolution
		{2CBF49CC-AAE8-43FC-8D56-B1D284DE2493}.Debug|Any CPU.ActiveCfg = Debug|Any CPU
		{2CBF49CC-AAE8-43FC-8D56-B1D284DE2493}.Debug|Any CPU.Build.0 = Debug|Any CPU
		{2CBF49CC-AAE8-43FC-8D56-B1D284DE2493}.Release|Any CPU.ActiveCfg = Release|Any CPU
		{2CBF49CC-AAE8-43FC-8D56-B1D284DE2493}.Release|Any CPU.Build.0 = Release|Any CPU
	EndGlobalSection
	GlobalSection(SolutionProperties) = preSolution
		HideSolutionNode = FALSE
	EndGlobalSection
	GlobalSection(ExtensibilityGlobals) = postSolution
		SolutionGuid = {FCE5F07C-4CF3-498C-9D6A-CBE6E90A14A5}
	EndGlobalSection
EndGlobal
